
Microsoft Visual Studio Solution File, Format Version 12.00
# Visual Studio Version 17
VisualStudioVersion = 17.10.34928.147
MinimumVisualStudioVersion = 10.0.40219.1
Project("{9A19103F-16F7-4668-BE54-9A1E7A4F7556}") = "Week6MAUI", "Week6MAUI\Week6MAUI.csproj", "{B69A008B-EAC5-4B0D-8FD8-4D05E3CEE28F}"
	ProjectSection(ProjectDependencies) = postProject
		{80B6B66B-8935-49B5-BBED-5B43F1B73986} = {80B6B66B-8935-49B5-BBED-5B43F1B73986}
	EndProjectSection
EndProject
Project("{FAE04EC0-301F-11D3-BF4B-00C04F79EFBC}") = "DataModel", "DataModel\DataModel.csproj", "{51DFED2B-5DF8-4D7B-98F0-72E51B904442}"
EndProject
Project("{FAE04EC0-301F-11D3-BF4B-00C04F79EFBC}") = "DataAccess", "DataAccess\DataAccess.csproj", "{80B6B66B-8935-49B5-BBED-5B43F1B73986}"
EndProject
Global
	GlobalSection(SolutionConfigurationPlatforms) = preSolution
		Debug|Any CPU = Debug|Any CPU
		Release|Any CPU = Release|Any CPU
	EndGlobalSection
	GlobalSection(ProjectConfigurationPlatforms) = postSolution
		{B69A008B-EAC5-4B0D-8FD8-4D05E3CEE28F}.Debug|Any CPU.ActiveCfg = Debug|Any CPU
		{B69A008B-EAC5-4B0D-8FD8-4D05E3CEE28F}.Debug|Any CPU.Build.0 = Debug|Any CPU
		{B69A008B-EAC5-4B0D-8FD8-4D05E3CEE28F}.Debug|Any CPU.Deploy.0 = Debug|Any CPU
		{B69A008B-EAC5-4B0D-8FD8-4D05E3CEE28F}.Release|Any CPU.ActiveCfg = Release|Any CPU
		{B69A008B-EAC5-4B0D-8FD8-4D05E3CEE28F}.Release|Any CPU.Build.0 = Release|Any CPU
		{B69A008B-EAC5-4B0D-8FD8-4D05E3CEE28F}.Release|Any CPU.Deploy.0 = Release|Any CPU
		{51DFED2B-5DF8-4D7B-98F0-72E51B904442}.Debug|Any CPU.ActiveCfg = Debug|Any CPU
		{51DFED2B-5DF8-4D7B-98F0-72E51B904442}.Debug|Any CPU.Build.0 = Debug|Any CPU
		{51DFED2B-5DF8-4D7B-98F0-72E51B904442}.Release|Any CPU.ActiveCfg = Release|Any CPU
		{51DFED2B-5DF8-4D7B-98F0-72E51B904442}.Release|Any CPU.Build.0 = Release|Any CPU
		{80B6B66B-8935-49B5-BBED-5B43F1B73986}.Debug|Any CPU.ActiveCfg = Debug|Any CPU
		{80B6B66B-8935-49B5-BBED-5B43F1B73986}.Debug|Any CPU.Build.0 = Debug|Any CPU
		{80B6B66B-8935-49B5-BBED-5B43F1B73986}.Release|Any CPU.ActiveCfg = Release|Any CPU
		{80B6B66B-8935-49B5-BBED-5B43F1B73986}.Release|Any CPU.Build.0 = Release|Any CPU
	EndGlobalSection
	GlobalSection(SolutionProperties) = preSolution
		HideSolutionNode = FALSE
	EndGlobalSection
	GlobalSection(ExtensibilityGlobals) = postSolution
		SolutionGuid = {246E0C36-DA85-448B-8FB6-740E60879EAE}
	EndGlobalSection
EndGlobal
